
Microsoft Visual Studio Solution File, Format Version 12.00
# Visual Studio Version 17
VisualStudioVersion = 17.3.32922.545
MinimumVisualStudioVersion = 10.0.40219.1
Project("{FAE04EC0-301F-11D3-BF4B-00C04F79EFBC}") = "Back-End_BD", "Back-End_BD\Back-End_BD.csproj", "{57D42B52-BCA1-48D8-985D-664D5981D182}"
EndProject
Global
	GlobalSection(SolutionConfigurationPlatforms) = preSolution
		Debug|Any CPU = Debug|Any CPU
		Release|Any CPU = Release|Any CPU
	EndGlobalSection
	GlobalSection(ProjectConfigurationPlatforms) = postSolution
		{57D42B52-BCA1-48D8-985D-664D5981D182}.Debug|Any CPU.ActiveCfg = Debug|Any CPU
		{57D42B52-BCA1-48D8-985D-664D5981D182}.Debug|Any CPU.Build.0 = Debug|Any CPU
		{57D42B52-BCA1-48D8-985D-664D5981D182}.Release|Any CPU.ActiveCfg = Release|Any CPU
		{57D42B52-BCA1-48D8-985D-664D5981D182}.Release|Any CPU.Build.0 = Release|Any CPU
	EndGlobalSection
	GlobalSection(SolutionProperties) = preSolution
		HideSolutionNode = FALSE
	EndGlobalSection
	GlobalSection(ExtensibilityGlobals) = postSolution
		SolutionGuid = {7E5D7C2B-C9CF-42D4-BF4D-B16EB072BC89}
	EndGlobalSection
EndGlobal
